
Microsoft Visual Studio Solution File, Format Version 12.00
# Visual Studio Version 16
VisualStudioVersion = 16.0.30320.27
MinimumVisualStudioVersion = 10.0.40219.1
Project("{FAE04EC0-301F-11D3-BF4B-00C04F79EFBC}") = "uzsakymai", "uzsakymai.csproj", "{643BBDEC-B8C7-4614-A1A5-E8DE8C4DBBC8}"
EndProject
Global
	GlobalSection(SolutionConfigurationPlatforms) = preSolution
		Debug|Any CPU = Debug|Any CPU
		Release|Any CPU = Release|Any CPU
	EndGlobalSection
	GlobalSection(ProjectConfigurationPlatforms) = postSolution
		{643BBDEC-B8C7-4614-A1A5-E8DE8C4DBBC8}.Debug|Any CPU.ActiveCfg = Debug|Any CPU
		{643BBDEC-B8C7-4614-A1A5-E8DE8C4DBBC8}.Debug|Any CPU.Build.0 = Debug|Any CPU
		{643BBDEC-B8C7-4614-A1A5-E8DE8C4DBBC8}.Release|Any CPU.ActiveCfg = Release|Any CPU
		{643BBDEC-B8C7-4614-A1A5-E8DE8C4DBBC8}.Release|Any CPU.Build.0 = Release|Any CPU
	EndGlobalSection
	GlobalSection(SolutionProperties) = preSolution
		HideSolutionNode = FALSE
	EndGlobalSection
	GlobalSection(ExtensibilityGlobals) = postSolution
		SolutionGuid = {0FE4D310-00B6-4B09-8681-93D4204D0A13}
	EndGlobalSection
EndGlobal
